lockfileVersion: 5.3

specifiers:
  magic-string: ^0.25.7
  svelte: ^3.38.2

dependencies:
  magic-string: 0.25.7

devDependencies:
  svelte: 3.38.2

packages:

  /magic-string/0.25.7:
    resolution: {integrity: sha512-4CrMT5DOHTDk4HYDlzmwu4FVCcIYI8gauveasrdCu2IKIFOJ3f0v/8MDGJCDL9oD2ppz/Av1b0Nj345H9M+XIA==}
    dependencies:
      sourcemap-codec: 1.4.8
    dev: false

  /sourcemap-codec/1.4.8:
    resolution: {integrity: sha512-9NykojV5Uih4lgo5So5dtw+f0JgJX30KCNI8gwhz2J9A15wD0Ml6tjHKwf6fTSa6fAdVBdZeNOs9eJ71qCk8vA==}
    dev: false

  /svelte/3.38.2:
    resolution: {integrity: sha512-q5Dq0/QHh4BLJyEVWGe7Cej5NWs040LWjMbicBGZ+3qpFWJ1YObRmUDZKbbovddLC9WW7THTj3kYbTOFmU9fbg==}
    engines: {node: '>= 8'}
    dev: true
